
Microsoft Visual Studio Solution File, Format Version 12.00
# Visual Studio 14
VisualStudioVersion = 14.0.25420.1
MinimumVisualStudioVersion = 10.0.40219.1
Project("{8BC9CEB8-8B4A-11D0-8D11-00A0C91BC942}") = "Lesson01", "..\Lesson01\Lesson01.vcxproj", "{F5CE6739-9145-425E-BB91-A3CDD61C244C}"
EndProject
Project("{8BC9CEB8-8B4A-11D0-8D11-00A0C91BC942}") = "Lesson02", "..\Lesson02\Lesson02.vcxproj", "{254608E9-0EA6-4540-B531-72E7B5520359}"
EndProject
Project("{8BC9CEB8-8B4A-11D0-8D11-00A0C91BC942}") = "Lesson03", "..\Lesson03\Lesson03.vcxproj", "{7B565C5C-1792-4479-B5D7-DDE2E499DB86}"
EndProject
Project("{8BC9CEB8-8B4A-11D0-8D11-00A0C91BC942}") = "Lesson04", "..\Lesson04\Lesson04.vcxproj", "{17D5F4D1-305E-4161-8D39-EF331CA4680C}"
EndProject
Project("{8BC9CEB8-8B4A-11D0-8D11-00A0C91BC942}") = "Lesson05", "..\Lesson05\Lesson05.vcxproj", "{4771078F-6854-41FF-893C-E04D499F95A2}"
EndProject
Project("{8BC9CEB8-8B4A-11D0-8D11-00A0C91BC942}") = "Lesson06", "..\Lesson06\Lesson06.vcxproj", "{1D7E82DB-0564-4275-ACB7-98FFBB0B90D4}"
EndProject
Project("{8BC9CEB8-8B4A-11D0-8D11-00A0C91BC942}") = "Lesson07", "..\Lesson07\Lesson07.vcxproj", "{ABABF494-0579-4A51-80DC-51789A1C9A1A}"
EndProject
Project("{8BC9CEB8-8B4A-11D0-8D11-00A0C91BC942}") = "Lesson08", "..\Lesson08\Lesson08.vcxproj", "{16993FAA-CEDC-406B-8F5D-1E141B9D5D62}"
EndProject
Project("{8BC9CEB8-8B4A-11D0-8D11-00A0C91BC942}") = "Lesson09", "..\Lesson09\Lesson09.vcxproj", "{5B8E6718-A255-4481-8A14-74549D4F0405}"
EndProject
Project("{8BC9CEB8-8B4A-11D0-8D11-00A0C91BC942}") = "Lesson10", "..\Lesson10\Lesson10.vcxproj", "{33394E93-2E78-41BF-8724-4530A7E063F3}"
EndProject
Global
	GlobalSection(SolutionConfigurationPlatforms) = preSolution
		Debug|x64 = Debug|x64
		Debug|x86 = Debug|x86
		Release|x64 = Release|x64
		Release|x86 = Release|x86
	EndGlobalSection
	GlobalSection(ProjectConfigurationPlatforms) = postSolution
		{F5CE6739-9145-425E-BB91-A3CDD61C244C}.Debug|x64.ActiveCfg = Debug|x64
		{F5CE6739-9145-425E-BB91-A3CDD61C244C}.Debug|x64.Build.0 = Debug|x64
		{F5CE6739-9145-425E-BB91-A3CDD61C244C}.Debug|x86.ActiveCfg = Debug|Win32
		{F5CE6739-9145-425E-BB91-A3CDD61C244C}.Debug|x86.Build.0 = Debug|Win32
		{F5CE6739-9145-425E-BB91-A3CDD61C244C}.Release|x64.ActiveCfg = Release|x64
		{F5CE6739-9145-425E-BB91-A3CDD61C244C}.Release|x64.Build.0 = Release|x64
		{F5CE6739-9145-425E-BB91-A3CDD61C244C}.Release|x86.ActiveCfg = Release|Win32
		{F5CE6739-9145-425E-BB91-A3CDD61C244C}.Release|x86.Build.0 = Release|Win32
		{254608E9-0EA6-4540-B531-72E7B5520359}.Debug|x64.ActiveCfg = Debug|x64
		{254608E9-0EA6-4540-B531-72E7B5520359}.Debug|x64.Build.0 = Debug|x64
		{254608E9-0EA6-4540-B531-72E7B5520359}.Debug|x86.ActiveCfg = Debug|Win32
		{254608E9-0EA6-4540-B531-72E7B5520359}.Debug|x86.Build.0 = Debug|Win32
		{254608E9-0EA6-4540-B531-72E7B5520359}.Release|x64.ActiveCfg = Release|x64
		{254608E9-0EA6-4540-B531-72E7B5520359}.Release|x64.Build.0 = Release|x64
		{254608E9-0EA6-4540-B531-72E7B5520359}.Release|x86.ActiveCfg = Release|Win32
		{254608E9-0EA6-4540-B531-72E7B5520359}.Release|x86.Build.0 = Release|Win32
		{7B565C5C-1792-4479-B5D7-DDE2E499DB86}.Debug|x64.ActiveCfg = Debug|x64
		{7B565C5C-1792-4479-B5D7-DDE2E499DB86}.Debug|x64.Build.0 = Debug|x64
		{7B565C5C-1792-4479-B5D7-DDE2E499DB86}.Debug|x86.ActiveCfg = Debug|Win32
		{7B565C5C-1792-4479-B5D7-DDE2E499DB86}.Debug|x86.Build.0 = Debug|Win32
		{7B565C5C-1792-4479-B5D7-DDE2E499DB86}.Release|x64.ActiveCfg = Release|x64
		{7B565C5C-1792-4479-B5D7-DDE2E499DB86}.Release|x64.Build.0 = Release|x64
		{7B565C5C-1792-4479-B5D7-DDE2E499DB86}.Release|x86.ActiveCfg = Release|Win32
		{7B565C5C-1792-4479-B5D7-DDE2E499DB86}.Release|x86.Build.0 = Release|Win32
		{17D5F4D1-305E-4161-8D39-EF331CA4680C}.Debug|x64.ActiveCfg = Debug|x64
		{17D5F4D1-305E-4161-8D39-EF331CA4680C}.Debug|x64.Build.0 = Debug|x64
		{17D5F4D1-305E-4161-8D39-EF331CA4680C}.Debug|x86.ActiveCfg = Debug|Win32
		{17D5F4D1-305E-4161-8D39-EF331CA4680C}.Debug|x86.Build.0 = Debug|Win32
		{17D5F4D1-305E-4161-8D39-EF331CA4680C}.Release|x64.ActiveCfg = Release|x64
		{17D5F4D1-305E-4161-8D39-EF331CA4680C}.Release|x64.Build.0 = Release|x64
		{17D5F4D1-305E-4161-8D39-EF331CA4680C}.Release|x86.ActiveCfg = Release|Win32
		{17D5F4D1-305E-4161-8D39-EF331CA4680C}.Release|x86.Build.0 = Release|Win32
		{4771078F-6854-41FF-893C-E04D499F95A2}.Debug|x64.ActiveCfg = Debug|x64
		{4771078F-6854-41FF-893C-E04D499F95A2}.Debug|x64.Build.0 = Debug|x64
		{4771078F-6854-41FF-893C-E04D499F95A2}.Debug|x86.ActiveCfg = Debug|Win32
		{4771078F-6854-41FF-893C-E04D499F95A2}.Debug|x86.Build.0 = Debug|Win32
		{4771078F-6854-41FF-893C-E04D499F95A2}.Release|x64.ActiveCfg = Release|x64
		{4771078F-6854-41FF-893C-E04D499F95A2}.Release|x64.Build.0 = Release|x64
		{4771078F-6854-41FF-893C-E04D499F95A2}.Release|x86.ActiveCfg = Release|Win32
		{4771078F-6854-41FF-893C-E04D499F95A2}.Release|x86.Build.0 = Release|Win32
		{1D7E82DB-0564-4275-ACB7-98FFBB0B90D4}.Debug|x64.ActiveCfg = Debug|x64
		{1D7E82DB-0564-4275-ACB7-98FFBB0B90D4}.Debug|x64.Build.0 = Debug|x64
		{1D7E82DB-0564-4275-ACB7-98FFBB0B90D4}.Debug|x86.ActiveCfg = Debug|Win32
		{1D7E82DB-0564-4275-ACB7-98FFBB0B90D4}.Debug|x86.Build.0 = Debug|Win32
		{1D7E82DB-0564-4275-ACB7-98FFBB0B90D4}.Release|x64.ActiveCfg = Release|x64
		{1D7E82DB-0564-4275-ACB7-98FFBB0B90D4}.Release|x64.Build.0 = Release|x64
		{1D7E82DB-0564-4275-ACB7-98FFBB0B90D4}.Release|x86.ActiveCfg = Release|Win32
		{1D7E82DB-0564-4275-ACB7-98FFBB0B90D4}.Release|x86.Build.0 = Release|Win32
		{ABABF494-0579-4A51-80DC-51789A1C9A1A}.Debug|x64.ActiveCfg = Debug|x64
		{ABABF494-0579-4A51-80DC-51789A1C9A1A}.Debug|x64.Build.0 = Debug|x64
		{ABABF494-0579-4A51-80DC-51789A1C9A1A}.Debug|x86.ActiveCfg = Debug|Win32
		{ABABF494-0579-4A51-80DC-51789A1C9A1A}.Debug|x86.Build.0 = Debug|Win32
		{ABABF494-0579-4A51-80DC-51789A1C9A1A}.Release|x64.ActiveCfg = Release|x64
		{ABABF494-0579-4A51-80DC-51789A1C9A1A}.Release|x64.Build.0 = Release|x64
		{ABABF494-0579-4A51-80DC-51789A1C9A1A}.Release|x86.ActiveCfg = Release|Win32
		{ABABF494-0579-4A51-80DC-51789A1C9A1A}.Release|x86.Build.0 = Release|Win32
		{16993FAA-CEDC-406B-8F5D-1E141B9D5D62}.Debug|x64.ActiveCfg = Debug|x64
		{16993FAA-CEDC-406B-8F5D-1E141B9D5D62}.Debug|x64.Build.0 = Debug|x64
		{16993FAA-CEDC-406B-8F5D-1E141B9D5D62}.Debug|x86.ActiveCfg = Debug|Win32
		{16993FAA-CEDC-406B-8F5D-1E141B9D5D62}.Debug|x86.Build.0 = Debug|Win32
		{16993FAA-CEDC-406B-8F5D-1E141B9D5D62}.Release|x64.ActiveCfg = Release|x64
		{16993FAA-CEDC-406B-8F5D-1E141B9D5D62}.Release|x64.Build.0 = Release|x64
		{16993FAA-CEDC-406B-8F5D-1E141B9D5D62}.Release|x86.ActiveCfg = Release|Win32
		{16993FAA-CEDC-406B-8F5D-1E141B9D5D62}.Release|x86.Build.0 = Release|Win32
		{5B8E6718-A255-4481-8A14-74549D4F0405}.Debug|x64.ActiveCfg = Debug|x64
		{5B8E6718-A255-4481-8A14-74549D4F0405}.Debug|x64.Build.0 = Debug|x64
		{5B8E6718-A255-4481-8A14-74549D4F0405}.Debug|x86.ActiveCfg = Debug|Win32
		{5B8E6718-A255-4481-8A14-74549D4F0405}.Debug|x86.Build.0 = Debug|Win32
		{5B8E6718-A255-4481-8A14-74549D4F0405}.Release|x64.ActiveCfg = Release|x64
		{5B8E6718-A255-4481-8A14-74549D4F0405}.Release|x64.Build.0 = Release|x64
		{5B8E6718-A255-4481-8A14-74549D4F0405}.Release|x86.ActiveCfg = Release|Win32
		{5B8E6718-A255-4481-8A14-74549D4F0405}.Release|x86.Build.0 = Release|Win32
		{33394E93-2E78-41BF-8724-4530A7E063F3}.Debug|x64.ActiveCfg = Debug|x64
		{33394E93-2E78-41BF-8724-4530A7E063F3}.Debug|x64.Build.0 = Debug|x64
		{33394E93-2E78-41BF-8724-4530A7E063F3}.Debug|x86.ActiveCfg = Debug|Win32
		{33394E93-2E78-41BF-8724-4530A7E063F3}.Debug|x86.Build.0 = Debug|Win32
		{33394E93-2E78-41BF-8724-4530A7E063F3}.Release|x64.ActiveCfg = Release|x64
		{33394E93-2E78-41BF-8724-4530A7E063F3}.Release|x64.Build.0 = Release|x64
		{33394E93-2E78-41BF-8724-4530A7E063F3}.Release|x86.ActiveCfg = Release|Win32
		{33394E93-2E78-41BF-8724-4530A7E063F3}.Release|x86.Build.0 = Release|Win32
	EndGlobalSection
	GlobalSection(SolutionProperties) = preSolution
		HideSolutionNode = FALSE
	EndGlobalSection
EndGlobal
